
Microsoft Visual Studio Solution File, Format Version 12.00
# Visual Studio Version 16
VisualStudioVersion = 16.0.31005.135
MinimumVisualStudioVersion = 10.0.40219.1
Project("{FAE04EC0-301F-11D3-BF4B-00C04F79EFBC}") = "ServoPointer", "ServoPointer\ServoPointer.csproj", "{EB0E6FD1-FFD8-4FE6-805A-CBD96CDAADE5}"
EndProject
Global
	GlobalSection(SolutionConfigurationPlatforms) = preSolution
		Debug|Any CPU = Debug|Any CPU
		Release|Any CPU = Release|Any CPU
	EndGlobalSection
	GlobalSection(ProjectConfigurationPlatforms) = postSolution
		{EB0E6FD1-FFD8-4FE6-805A-CBD96CDAADE5}.Debug|Any CPU.ActiveCfg = Debug|Any CPU
		{EB0E6FD1-FFD8-4FE6-805A-CBD96CDAADE5}.Debug|Any CPU.Build.0 = Debug|Any CPU
		{EB0E6FD1-FFD8-4FE6-805A-CBD96CDAADE5}.Release|Any CPU.ActiveCfg = Release|Any CPU
		{EB0E6FD1-FFD8-4FE6-805A-CBD96CDAADE5}.Release|Any CPU.Build.0 = Release|Any CPU
	EndGlobalSection
	GlobalSection(SolutionProperties) = preSolution
		HideSolutionNode = FALSE
	EndGlobalSection
	GlobalSection(ExtensibilityGlobals) = postSolution
		SolutionGuid = {C9F4C941-A972-4975-BD7D-FE36CA255F08}
	EndGlobalSection
EndGlobal
